dependencies:
- name: postgresql
  repository: https://charts.bitnami.com/bitnami
  version: 8.6.10
- name: mariadb
  repository: https://charts.bitnami.com/bitnami
  version: 7.3.16
digest: sha256:2888f71590a564fb34afdacbee86a5c71a3a74107cb61d3328fdaaf15c545c45
generated: "2020-03-31T10:20:46.491342+08:00"
